
Microsoft Visual Studio Solution File, Format Version 12.00
# Visual Studio Version 16
VisualStudioVersion = 16.0.30011.22
MinimumVisualStudioVersion = 10.0.40219.1
Project("{FAE04EC0-301F-11D3-BF4B-00C04F79EFBC}") = "BackUpManager.Core", "BackUpManager.Core\BackUpManager.Core.csproj", "{C56D703A-E00B-45C2-97CB-0051A6C40476}"
EndProject
Global
	GlobalSection(SolutionConfigurationPlatforms) = preSolution
		Debug|Any CPU = Debug|Any CPU
		Release|Any CPU = Release|Any CPU
	EndGlobalSection
	GlobalSection(ProjectConfigurationPlatforms) = postSolution
		{C56D703A-E00B-45C2-97CB-0051A6C40476}.Debug|Any CPU.ActiveCfg = Debug|Any CPU
		{C56D703A-E00B-45C2-97CB-0051A6C40476}.Debug|Any CPU.Build.0 = Debug|Any CPU
		{C56D703A-E00B-45C2-97CB-0051A6C40476}.Release|Any CPU.ActiveCfg = Release|Any CPU
		{C56D703A-E00B-45C2-97CB-0051A6C40476}.Release|Any CPU.Build.0 = Release|Any CPU
	EndGlobalSection
	GlobalSection(SolutionProperties) = preSolution
		HideSolutionNode = FALSE
	EndGlobalSection
	GlobalSection(ExtensibilityGlobals) = postSolution
		SolutionGuid = {21988713-A8F1-47A9-92D3-C2884D2BCE20}
	EndGlobalSection
EndGlobal
